// !$*UTF8*$!
{
	archiveVersion = 1;
	classes = {
	};
	objectVersion = 50;
	objects = {

/* Begin PBXBuildFile section */
		900F2F8D235F7F020043BB86 /* RNXManifest.m in Sources */ = {isa = PBXBuildFile; fileRef = 900F2F8C235F7F020043BB86 /* RNXManifest.m */; };
		900F2F8E235F7F020043BB86 /* RNXManifest.h in CopyFiles */ = {isa = PBXBuildFile; fileRef = 900F2F8B235F7F020043BB86 /* RNXManifest.h */; };
		909D219F2361019800CEFF04 /* UIColor+String.m in Sources */ = {isa = PBXBuildFile; fileRef = 909D219E2361019800CEFF04 /* UIColor+String.m */; };
/* End PBXBuildFile section */

/* Begin PBXCopyFilesBuildPhase section */
		900F2F86235F7F020043BB86 /* CopyFiles */ = {
			isa = PBXCopyFilesBuildPhase;
			buildActionMask = 2147483647;
			dstPath = "include/$(PRODUCT_NAME)";
			dstSubfolderSpec = 16;
			files = (
				900F2F8E235F7F020043BB86 /* RNXManifest.h in CopyFiles */,
			);
			runOnlyForDeploymentPostprocessing = 0;
		};
/* End PBXCopyFilesBuildPhase section */

/* Begin PBXFileReference section */
		900F2F88235F7F020043BB86 /* libmanifest.a */ = {isa = PBXFileReference; explicitFileType = archive.ar; includeInIndex = 0; path = libmanifest.a; sourceTree = BUILT_PRODUCTS_DIR; };
		900F2F8B235F7F020043BB86 /* RNXManifest.h */ = {isa = PBXFileReference; lastKnownFileType = sourcecode.c.h; name = RNXManifest.h; path = manifest/RNXManifest.h; sourceTree = "<group>"; };
		900F2F8C235F7F020043BB86 /* RNXManifest.m */ = {isa = PBXFileReference; lastKnownFileType = sourcecode.c.objc; name = RNXManifest.m; path = manifest/RNXManifest.m; sourceTree = "<group>"; };
		909D219D2361019800CEFF04 /* UIColor+String.h */ = {isa = PBXFileReference; lastKnownFileType = sourcecode.c.h; name = "UIColor+String.h"; path = "manifest/UIColor+String.h"; sourceTree = "<group>"; };
		909D219E2361019800CEFF04 /* UIColor+String.m */ = {isa = PBXFileReference; lastKnownFileType = sourcecode.c.objc; name = "UIColor+String.m"; path = "manifest/UIColor+String.m"; sourceTree = "<group>"; };
/* End PBXFileReference section */

/* Begin PBXFrameworksBuildPhase section */
		900F2F85235F7F020043BB86 /* Frameworks */ = {
			isa = PBXFrameworksBuildPhase;
			buildActionMask = 2147483647;
			files = (
			);
			runOnlyForDeploymentPostprocessing = 0;
		};
/* End PBXFrameworksBuildPhase section */

/* Begin PBXGroup section */
		900F2F7F235F7F020043BB86 = {
			isa = PBXGroup;
			children = (
				900F2F8A235F7F020043BB86 /* manifest */,
				900F2F89235F7F020043BB86 /* Products */,
			);
			sourceTree = "<group>";
		};
		900F2F89235F7F020043BB86 /* Products */ = {
			isa = PBXGroup;
			children = (
				900F2F88235F7F020043BB86 /* libmanifest.a */,
			);
			name = Products;
			sourceTree = "<group>";
		};
		900F2F8A235F7F020043BB86 /* manifest */ = {
			isa = PBXGroup;
			children = (
				900F2F8B235F7F020043BB86 /* RNXManifest.h */,
				900F2F8C235F7F020043BB86 /* RNXManifest.m */,
				909D219D2361019800CEFF04 /* UIColor+String.h */,
				909D219E2361019800CEFF04 /* UIColor+String.m */,
			);
			name = manifest;
			sourceTree = "<group>";
		};
/* End PBXGroup section */

/* Begin PBXNativeTarget section */
		900F2F87235F7F020043BB86 /* manifest */ = {
			isa = PBXNativeTarget;
			buildConfigurationList = 900F2F91235F7F020043BB86 /* Build configuration list for PBXNativeTarget "manifest" */;
			buildPhases = (
				900F2F84235F7F020043BB86 /* Sources */,
				900F2F85235F7F020043BB86 /* Frameworks */,
				900F2F86235F7F020043BB86 /* CopyFiles */,
			);
			buildRules = (
			);
			dependencies = (
			);
			name = manifest;
			productName = manifest;
			productReference = 900F2F88235F7F020043BB86 /* libmanifest.a */;
			productType = "com.apple.product-type.library.static";
		};
/* End PBXNativeTarget section */

/* Begin PBXProject section */
		900F2F80235F7F020043BB86 /* Project object */ = {
			isa = PBXProject;
			attributes = {
				LastUpgradeCheck = 1110;
				ORGANIZATIONNAME = Microsoft;
				TargetAttributes = {
					900F2F87235F7F020043BB86 = {
						CreatedOnToolsVersion = 11.1;
					};
				};
			};
			buildConfigurationList = 900F2F83235F7F020043BB86 /* Build configuration list for PBXProject "manifest" */;
			compatibilityVersion = "Xcode 9.3";
			developmentRegion = en;
			hasScannedForEncodings = 0;
			knownRegions = (
				en,
				Base,
			);
			mainGroup = 900F2F7F235F7F020043BB86;
			productRefGroup = 900F2F89235F7F020043BB86 /* Products */;
			projectDirPath = "";
			projectRoot = "";
			targets = (
				900F2F87235F7F020043BB86 /* manifest */,
			);
		};
/* End PBXProject section */

/* Begin PBXSourcesBuildPhase section */
		900F2F84235F7F020043BB86 /* Sources */ = {
			isa = PBXSourcesBuildPhase;
			buildActionMask = 2147483647;
			files = (
				900F2F8D235F7F020043BB86 /* RNXManifest.m in Sources */,
				909D219F2361019800CEFF04 /* UIColor+String.m in Sources */,
			);
			runOnlyForDeploymentPostprocessing = 0;
		};
/* End PBXSourcesBuildPhase section */

/* Begin XCBuildConfiguration section */
		900F2F8F235F7F020043BB86 /* Debug */ = {
			isa = XCBuildConfiguration;
			buildSettings = {
				ALWAYS_SEARCH_USER_PATHS = NO;
				CLANG_ANALYZER_NONNULL = YES;
				CLANG_ANALYZER_NUMBER_OBJECT_CONVERSION = YES_AGGRESSIVE;
				CLANG_CXX_LANGUAGE_STANDARD = "gnu++14";
				CLANG_CXX_LIBRARY = "libc++";
				CLANG_ENABLE_MODULES = YES;
				CLANG_ENABLE_OBJC_ARC = YES;
				CLANG_ENABLE_OBJC_WEAK = YES;
				CLANG_WARN_BLOCK_CAPTURE_AUTORELEASING = YES;
				CLANG_WARN_BOOL_CONVERSION = YES;
				CLANG_WARN_COMMA = YES;
				CLANG_WARN_CONSTANT_CONVERSION = YES;
				CLANG_WARN_DEPRECATED_OBJC_IMPLEMENTATIONS = YES;
				CLANG_WARN_DIRECT_OBJC_ISA_USAGE = YES_ERROR;
				CLANG_WARN_DOCUMENTATION_COMMENTS = YES;
				CLANG_WARN_EMPTY_BODY = YES;
				CLANG_WARN_ENUM_CONVERSION = YES;
				CLANG_WARN_INFINITE_RECURSION = YES;
				CLANG_WARN_INT_CONVERSION = YES;
				CLANG_WARN_NON_LITERAL_NULL_CONVERSION = YES;
				CLANG_WARN_OBJC_IMPLICIT_RETAIN_SELF = YES;
				CLANG_WARN_OBJC_LITERAL_CONVERSION = YES;
				CLANG_WARN_OBJC_ROOT_CLASS = YES_ERROR;
				CLANG_WARN_RANGE_LOOP_ANALYSIS = YES;
				CLANG_WARN_STRICT_PROTOTYPES = YES;
				CLANG_WARN_SUSPICIOUS_MOVE = YES;
				CLANG_WARN_UNGUARDED_AVAILABILITY = YES_AGGRESSIVE;
				CLANG_WARN_UNREACHABLE_CODE = YES;
				CLANG_WARN__DUPLICATE_METHOD_MATCH = YES;
				COPY_PHASE_STRIP = NO;
				DEBUG_INFORMATION_FORMAT = dwarf;
				ENABLE_STRICT_OBJC_MSGSEND = YES;
				ENABLE_TESTABILITY = YES;
				GCC_C_LANGUAGE_STANDARD = gnu11;
				GCC_DYNAMIC_NO_PIC = NO;
				GCC_NO_COMMON_BLOCKS = YES;
				GCC_OPTIMIZATION_LEVEL = 0;
				GCC_PREPROCESSOR_DEFINITIONS = (
					"DEBUG=1",
					"$(inherited)",
				);
				GCC_WARN_64_TO_32_BIT_CONVERSION = YES;
				GCC_WARN_ABOUT_RETURN_TYPE = YES_ERROR;
				GCC_WARN_UNDECLARED_SELECTOR = YES;
				GCC_WARN_UNINITIALIZED_AUTOS = YES_AGGRESSIVE;
				GCC_WARN_UNUSED_FUNCTION = YES;
				GCC_WARN_UNUSED_VARIABLE = YES;
				IPHONEOS_DEPLOYMENT_TARGET = 13.1;
				MTL_ENABLE_DEBUG_INFO = INCLUDE_SOURCE;
				MTL_FAST_MATH = YES;
				ONLY_ACTIVE_ARCH = YES;
				SDKROOT = iphoneos;
			};
			name = Debug;
		};
		900F2F90235F7F020043BB86 /* Release */ = {
			isa = XCBuildConfiguration;
			buildSettings = {
				ALWAYS_SEARCH_USER_PATHS = NO;
				CLANG_ANALYZER_NONNULL = YES;
				CLANG_ANALYZER_NUMBER_OBJECT_CONVERSION = YES_AGGRESSIVE;
				CLANG_CXX_LANGUAGE_STANDARD = "gnu++14";
				CLANG_CXX_LIBRARY = "libc++";
				CLANG_ENABLE_MODULES = YES;
				CLANG_ENABLE_OBJC_ARC = YES;
				CLANG_ENABLE_OBJC_WEAK = YES;
				CLANG_WARN_BLOCK_CAPTURE_AUTORELEASING = YES;
				CLANG_WARN_BOOL_CONVERSION = YES;
				CLANG_WARN_COMMA = YES;
				CLANG_WARN_CONSTANT_CONVERSION = YES;
				CLANG_WARN_DEPRECATED_OBJC_IMPLEMENTATIONS = YES;
				CLANG_WARN_DIRECT_OBJC_ISA_USAGE = YES_ERROR;
				CLANG_WARN_DOCUMENTATION_COMMENTS = YES;
				CLANG_WARN_EMPTY_BODY = YES;
				CLANG_WARN_ENUM_CONVERSION = YES;
				CLANG_WARN_INFINITE_RECURSION = YES;
				CLANG_WARN_INT_CONVERSION = YES;
				CLANG_WARN_NON_LITERAL_NULL_CONVERSION = YES;
				CLANG_WARN_OBJC_IMPLICIT_RETAIN_SELF = YES;
				CLANG_WARN_OBJC_LITERAL_CONVERSION = YES;
				CLANG_WARN_OBJC_ROOT_CLASS = YES_ERROR;
				CLANG_WARN_RANGE_LOOP_ANALYSIS = YES;
				CLANG_WARN_STRICT_PROTOTYPES = YES;
				CLANG_WARN_SUSPICIOUS_MOVE = YES;
				CLANG_WARN_UNGUARDED_AVAILABILITY = YES_AGGRESSIVE;
				CLANG_WARN_UNREACHABLE_CODE = YES;
				CLANG_WARN__DUPLICATE_METHOD_MATCH = YES;
				COPY_PHASE_STRIP = NO;
				DEBUG_INFORMATION_FORMAT = "dwarf-with-dsym";
				ENABLE_NS_ASSERTIONS = NO;
				ENABLE_STRICT_OBJC_MSGSEND = YES;
				GCC_C_LANGUAGE_STANDARD = gnu11;
				GCC_NO_COMMON_BLOCKS = YES;
				GCC_WARN_64_TO_32_BIT_CONVERSION = YES;
				GCC_WARN_ABOUT_RETURN_TYPE = YES_ERROR;
				GCC_WARN_UNDECLARED_SELECTOR = YES;
				GCC_WARN_UNINITIALIZED_AUTOS = YES_AGGRESSIVE;
				GCC_WARN_UNUSED_FUNCTION = YES;
				GCC_WARN_UNUSED_VARIABLE = YES;
				IPHONEOS_DEPLOYMENT_TARGET = 13.1;
				MTL_ENABLE_DEBUG_INFO = NO;
				MTL_FAST_MATH = YES;
				SDKROOT = iphoneos;
				VALIDATE_PRODUCT = YES;
			};
			name = Release;
		};
		900F2F92235F7F020043BB86 /* Debug */ = {
			isa = XCBuildConfiguration;
			buildSettings = {
				CODE_SIGN_STYLE = Automatic;
				OTHER_LDFLAGS = "-ObjC";
				PRODUCT_NAME = "$(TARGET_NAME)";
				SKIP_INSTALL = YES;
				TARGETED_DEVICE_FAMILY = "1,2";
			};
			name = Debug;
		};
		900F2F93235F7F020043BB86 /* Release */ = {
			isa = XCBuildConfiguration;
			buildSettings = {
				CODE_SIGN_STYLE = Automatic;
				OTHER_LDFLAGS = "-ObjC";
				PRODUCT_NAME = "$(TARGET_NAME)";
				SKIP_INSTALL = YES;
				TARGETED_DEVICE_FAMILY = "1,2";
			};
			name = Release;
		};
/* End XCBuildConfiguration section */

/* Begin XCConfigurationList section */
		900F2F83235F7F020043BB86 /* Build configuration list for PBXProject "manifest" */ = {
			isa = XCConfigurationList;
			buildConfigurations = (
				900F2F8F235F7F020043BB86 /* Debug */,
				900F2F90235F7F020043BB86 /* Release */,
			);
			defaultConfigurationIsVisible = 0;
			defaultConfigurationName = Release;
		};
		900F2F91235F7F020043BB86 /* Build configuration list for PBXNativeTarget "manifest" */ = {
			isa = XCConfigurationList;
			buildConfigurations = (
				900F2F92235F7F020043BB86 /* Debug */,
				900F2F93235F7F020043BB86 /* Release */,
			);
			defaultConfigurationIsVisible = 0;
			defaultConfigurationName = Release;
		};
/* End XCConfigurationList section */
	};
	rootObject = 900F2F80235F7F020043BB86 /* Project object */;
}
